
Microsoft Visual Studio Solution File, Format Version 12.00
# Visual Studio 15
VisualStudioVersion = 15.0.27703.2000
MinimumVisualStudioVersion = 10.0.40219.1
Project("{8BC9CEB8-8B4A-11D0-8D11-00A0C91BC942}") = "DanielJomaaLab6", "DanielJomaaLab6\DanielJomaaLab6.vcxproj", "{12668EE3-E5CE-41F0-9CFE-FD3EF6D5BFD8}"
EndProject
Global
	GlobalSection(SolutionConfigurationPlatforms) = preSolution
		Debug|x64 = Debug|x64
		Debug|x86 = Debug|x86
		Release|x64 = Release|x64
		Release|x86 = Release|x86
	EndGlobalSection
	GlobalSection(ProjectConfigurationPlatforms) = postSolution
		{12668EE3-E5CE-41F0-9CFE-FD3EF6D5BFD8}.Debug|x64.ActiveCfg = Debug|x64
		{12668EE3-E5CE-41F0-9CFE-FD3EF6D5BFD8}.Debug|x64.Build.0 = Debug|x64
		{12668EE3-E5CE-41F0-9CFE-FD3EF6D5BFD8}.Debug|x86.ActiveCfg = Debug|Win32
		{12668EE3-E5CE-41F0-9CFE-FD3EF6D5BFD8}.Debug|x86.Build.0 = Debug|Win32
		{12668EE3-E5CE-41F0-9CFE-FD3EF6D5BFD8}.Release|x64.ActiveCfg = Release|x64
		{12668EE3-E5CE-41F0-9CFE-FD3EF6D5BFD8}.Release|x64.Build.0 = Release|x64
		{12668EE3-E5CE-41F0-9CFE-FD3EF6D5BFD8}.Release|x86.ActiveCfg = Release|Win32
		{12668EE3-E5CE-41F0-9CFE-FD3EF6D5BFD8}.Release|x86.Build.0 = Release|Win32
	EndGlobalSection
	GlobalSection(SolutionProperties) = preSolution
		HideSolutionNode = FALSE
	EndGlobalSection
	GlobalSection(ExtensibilityGlobals) = postSolution
		SolutionGuid = {5A6428CA-E602-4710-8EBF-19FD4DD19F65}
	EndGlobalSection
EndGlobal
